
Microsoft Visual Studio Solution File, Format Version 12.00
# Visual Studio Version 17
VisualStudioVersion = 17.9.34728.123
MinimumVisualStudioVersion = 10.0.40219.1
Project("{9A19103F-16F7-4668-BE54-9A1E7A4F7556}") = "AntiGolpista.Domain", "AntiGolpista.Domain\AntiGolpista.Domain.csproj", "{6CB96593-3844-43C1-9146-8A23EA8B207D}"
EndProject
Project("{9A19103F-16F7-4668-BE54-9A1E7A4F7556}") = "AntiGolpista.Infrastructure", "AntiGolpista.Infrastructure\AntiGolpista.Infrastructure.csproj", "{663854CF-03F6-4A16-B6EF-04B1EB6B5B87}"
EndProject
Project("{2150E333-8FDC-42A3-9474-1A3956D46DE8}") = "Presentation", "Presentation", "{2F9A92C6-0E4E-45E1-8727-78BB5E395F0F}"
EndProject
Project("{9A19103F-16F7-4668-BE54-9A1E7A4F7556}") = "AntiGolpista.Application", "AntiGolpista.Application\AntiGolpista.Application.csproj", "{35878C70-0A84-4325-BF47-ADA3611C1640}"
EndProject
Project("{FAE04EC0-301F-11D3-BF4B-00C04F79EFBC}") = "AntiGolpista.Blazor", "AntiGolpista.Blazor\AntiGolpista.Blazor.csproj", "{8E311080-9014-4C46-A237-7AFBEC52EF8D}"
	ProjectSection(ProjectDependencies) = postProject
		{35878C70-0A84-4325-BF47-ADA3611C1640} = {35878C70-0A84-4325-BF47-ADA3611C1640}
		{663854CF-03F6-4A16-B6EF-04B1EB6B5B87} = {663854CF-03F6-4A16-B6EF-04B1EB6B5B87}
		{6CB96593-3844-43C1-9146-8A23EA8B207D} = {6CB96593-3844-43C1-9146-8A23EA8B207D}
	EndProjectSection
EndProject
Global
	GlobalSection(SolutionConfigurationPlatforms) = preSolution
		Debug|Any CPU = Debug|Any CPU
		Release|Any CPU = Release|Any CPU
	EndGlobalSection
	GlobalSection(ProjectConfigurationPlatforms) = postSolution
		{6CB96593-3844-43C1-9146-8A23EA8B207D}.Debug|Any CPU.ActiveCfg = Debug|Any CPU
		{6CB96593-3844-43C1-9146-8A23EA8B207D}.Debug|Any CPU.Build.0 = Debug|Any CPU
		{6CB96593-3844-43C1-9146-8A23EA8B207D}.Release|Any CPU.ActiveCfg = Release|Any CPU
		{6CB96593-3844-43C1-9146-8A23EA8B207D}.Release|Any CPU.Build.0 = Release|Any CPU
		{663854CF-03F6-4A16-B6EF-04B1EB6B5B87}.Debug|Any CPU.ActiveCfg = Debug|Any CPU
		{663854CF-03F6-4A16-B6EF-04B1EB6B5B87}.Debug|Any CPU.Build.0 = Debug|Any CPU
		{663854CF-03F6-4A16-B6EF-04B1EB6B5B87}.Release|Any CPU.ActiveCfg = Release|Any CPU
		{663854CF-03F6-4A16-B6EF-04B1EB6B5B87}.Release|Any CPU.Build.0 = Release|Any CPU
		{35878C70-0A84-4325-BF47-ADA3611C1640}.Debug|Any CPU.ActiveCfg = Debug|Any CPU
		{35878C70-0A84-4325-BF47-ADA3611C1640}.Debug|Any CPU.Build.0 = Debug|Any CPU
		{35878C70-0A84-4325-BF47-ADA3611C1640}.Release|Any CPU.ActiveCfg = Release|Any CPU
		{35878C70-0A84-4325-BF47-ADA3611C1640}.Release|Any CPU.Build.0 = Release|Any CPU
		{8E311080-9014-4C46-A237-7AFBEC52EF8D}.Debug|Any CPU.ActiveCfg = Debug|Any CPU
		{8E311080-9014-4C46-A237-7AFBEC52EF8D}.Debug|Any CPU.Build.0 = Debug|Any CPU
		{8E311080-9014-4C46-A237-7AFBEC52EF8D}.Release|Any CPU.ActiveCfg = Release|Any CPU
		{8E311080-9014-4C46-A237-7AFBEC52EF8D}.Release|Any CPU.Build.0 = Release|Any CPU
	EndGlobalSection
	GlobalSection(SolutionProperties) = preSolution
		HideSolutionNode = FALSE
	EndGlobalSection
	GlobalSection(NestedProjects) = preSolution
		{8E311080-9014-4C46-A237-7AFBEC52EF8D} = {2F9A92C6-0E4E-45E1-8727-78BB5E395F0F}
	EndGlobalSection
	GlobalSection(ExtensibilityGlobals) = postSolution
		SolutionGuid = {3F4D549C-85EF-484D-9702-5E80D49C1A8B}
	EndGlobalSection
EndGlobal
