
Microsoft Visual Studio Solution File, Format Version 12.00
# Visual Studio Version 17
VisualStudioVersion = 17.9.34728.123
MinimumVisualStudioVersion = 10.0.40219.1
Project("{FAE04EC0-301F-11D3-BF4B-00C04F79EFBC}") = "AntiGolpista.Domain", "AntiGolpista.Domain\AntiGolpista.Domain.csproj", "{6CB96593-3844-43C1-9146-8A23EA8B207D}"
EndProject
Global
	GlobalSection(SolutionConfigurationPlatforms) = preSolution
		Debug|Any CPU = Debug|Any CPU
		Release|Any CPU = Release|Any CPU
	EndGlobalSection
	GlobalSection(ProjectConfigurationPlatforms) = postSolution
		{6CB96593-3844-43C1-9146-8A23EA8B207D}.Debug|Any CPU.ActiveCfg = Debug|Any CPU
		{6CB96593-3844-43C1-9146-8A23EA8B207D}.Debug|Any CPU.Build.0 = Debug|Any CPU
		{6CB96593-3844-43C1-9146-8A23EA8B207D}.Release|Any CPU.ActiveCfg = Release|Any CPU
		{6CB96593-3844-43C1-9146-8A23EA8B207D}.Release|Any CPU.Build.0 = Release|Any CPU
	EndGlobalSection
	GlobalSection(SolutionProperties) = preSolution
		HideSolutionNode = FALSE
	EndGlobalSection
	GlobalSection(ExtensibilityGlobals) = postSolution
		SolutionGuid = {3F4D549C-85EF-484D-9702-5E80D49C1A8B}
	EndGlobalSection
EndGlobal
